
Microsoft Visual Studio Solution File, Format Version 12.00
# Visual Studio Version 17
VisualStudioVersion = 17.14.36414.22 d17.14
MinimumVisualStudioVersion = 10.0.40219.1
Project("{FAE04EC0-301F-11D3-BF4B-00C04F79EFBC}") = "MinimalAmp.Api", "MinimalAmp.Api.csproj", "{BCC3AF08-FAEB-ED02-C6FB-2B9BD3E1FA77}"
EndProject
Global
	GlobalSection(SolutionConfigurationPlatforms) = preSolution
		Debug|Any CPU = Debug|Any CPU
		Release|Any CPU = Release|Any CPU
	EndGlobalSection
	GlobalSection(ProjectConfigurationPlatforms) = postSolution
		{BCC3AF08-FAEB-ED02-C6FB-2B9BD3E1FA77}.Debug|Any CPU.ActiveCfg = Debug|Any CPU
		{BCC3AF08-FAEB-ED02-C6FB-2B9BD3E1FA77}.Debug|Any CPU.Build.0 = Debug|Any CPU
		{BCC3AF08-FAEB-ED02-C6FB-2B9BD3E1FA77}.Release|Any CPU.ActiveCfg = Release|Any CPU
		{BCC3AF08-FAEB-ED02-C6FB-2B9BD3E1FA77}.Release|Any CPU.Build.0 = Release|Any CPU
	EndGlobalSection
	GlobalSection(SolutionProperties) = preSolution
		HideSolutionNode = FALSE
	EndGlobalSection
	GlobalSection(ExtensibilityGlobals) = postSolution
		SolutionGuid = {5F470659-6CDD-4416-B1E8-41DB9F38A203}
	EndGlobalSection
EndGlobal
